// !$*UTF8*$!
{
	archiveVersion = 1;
	classes = {
	};
	objectVersion = 55;
	objects = {

/* Begin PBXBuildFile section */
		3B00F0612729EA16007AD42E /* Ghost_TrackerApp.swift in Sources */ = {isa = PBXBuildFile; fileRef = 3B00F0602729EA16007AD42E /* Ghost_TrackerApp.swift */; };
		3B00F0632729EA16007AD42E /* ContentView.swift in Sources */ = {isa = PBXBuildFile; fileRef = 3B00F0622729EA16007AD42E /* ContentView.swift */; };
		3B00F0652729EA17007AD42E /* Assets.xcassets in Resources */ = {isa = PBXBuildFile; fileRef = 3B00F0642729EA17007AD42E /* Assets.xcassets */; };
		3B00F0682729EA17007AD42E /* Preview Assets.xcassets in Resources */ = {isa = PBXBuildFile; fileRef = 3B00F0672729EA17007AD42E /* Preview Assets.xcassets */; };
		3B00F06F2729FC17007AD42E /* BodyTracking.swift in Sources */ = {isa = PBXBuildFile; fileRef = 3B00F06E2729FC17007AD42E /* BodyTracking.swift */; };
		3B00F071272A503E007AD42E /* MagnetManager.swift in Sources */ = {isa = PBXBuildFile; fileRef = 3B00F070272A503E007AD42E /* MagnetManager.swift */; };
/* End PBXBuildFile section */

/* Begin PBXFileReference section */
		3B00F05D2729EA16007AD42E /* Ghost Tracker.app */ = {isa = PBXFileReference; explicitFileType = wrapper.application; includeInIndex = 0; path = "Ghost Tracker.app"; sourceTree = BUILT_PRODUCTS_DIR; };
		3B00F0602729EA16007AD42E /* Ghost_TrackerApp.swift */ = {isa = PBXFileReference; lastKnownFileType = sourcecode.swift; path = Ghost_TrackerApp.swift; sourceTree = "<group>"; };
		3B00F0622729EA16007AD42E /* ContentView.swift */ = {isa = PBXFileReference; lastKnownFileType = sourcecode.swift; path = ContentView.swift; sourceTree = "<group>"; };
		3B00F0642729EA17007AD42E /* Assets.xcassets */ = {isa = PBXFileReference; lastKnownFileType = folder.assetcatalog; path = Assets.xcassets; sourceTree = "<group>"; };
		3B00F0672729EA17007AD42E /* Preview Assets.xcassets */ = {isa = PBXFileReference; lastKnownFileType = folder.assetcatalog; path = "Preview Assets.xcassets"; sourceTree = "<group>"; };
		3B00F06E2729FC17007AD42E /* BodyTracking.swift */ = {isa = PBXFileReference; lastKnownFileType = sourcecode.swift; path = BodyTracking.swift; sourceTree = "<group>"; };
		3B00F070272A503E007AD42E /* MagnetManager.swift */ = {isa = PBXFileReference; lastKnownFileType = sourcecode.swift; path = MagnetManager.swift; sourceTree = "<group>"; };
		3B2EE745272D9B0B00734F05 /* Ghost-Tracker-Info.plist */ = {isa = PBXFileReference; lastKnownFileType = text.plist; path = "Ghost-Tracker-Info.plist"; sourceTree = SOURCE_ROOT; };
/* End PBXFileReference section */

/* Begin PBXFrameworksBuildPhase section */
		3B00F05A2729EA16007AD42E /* Frameworks */ = {
			isa = PBXFrameworksBuildPhase;
			buildActionMask = 2147483647;
			files = (
			);
			runOnlyForDeploymentPostprocessing = 0;
		};
/* End PBXFrameworksBuildPhase section */

/* Begin PBXGroup section */
		3B00F0542729EA16007AD42E = {
			isa = PBXGroup;
			children = (
				3B00F05F2729EA16007AD42E /* Ghost Tracker */,
				3B00F05E2729EA16007AD42E /* Products */,
			);
			sourceTree = "<group>";
		};
		3B00F05E2729EA16007AD42E /* Products */ = {
			isa = PBXGroup;
			children = (
				3B00F05D2729EA16007AD42E /* Ghost Tracker.app */,
			);
			name = Products;
			sourceTree = "<group>";
		};
		3B00F05F2729EA16007AD42E /* Ghost Tracker */ = {
			isa = PBXGroup;
			children = (
				3B2EE745272D9B0B00734F05 /* Ghost-Tracker-Info.plist */,
				3B00F0602729EA16007AD42E /* Ghost_TrackerApp.swift */,
				3B00F070272A503E007AD42E /* MagnetManager.swift */,
				3B00F0622729EA16007AD42E /* ContentView.swift */,
				3B00F06E2729FC17007AD42E /* BodyTracking.swift */,
				3B00F0642729EA17007AD42E /* Assets.xcassets */,
				3B00F0662729EA17007AD42E /* Preview Content */,
			);
			path = "Ghost Tracker";
			sourceTree = "<group>";
		};
		3B00F0662729EA17007AD42E /* Preview Content */ = {
			isa = PBXGroup;
			children = (
				3B00F0672729EA17007AD42E /* Preview Assets.xcassets */,
			);
			path = "Preview Content";
			sourceTree = "<group>";
		};
/* End PBXGroup section */

/* Begin PBXNativeTarget section */
		3B00F05C2729EA16007AD42E /* Ghost Tracker */ = {
			isa = PBXNativeTarget;
			buildConfigurationList = 3B00F06B2729EA17007AD42E /* Build configuration list for PBXNativeTarget "Ghost Tracker" */;
			buildPhases = (
				3B00F0592729EA16007AD42E /* Sources */,
				3B00F05A2729EA16007AD42E /* Frameworks */,
				3B00F05B2729EA16007AD42E /* Resources */,
			);
			buildRules = (
			);
			dependencies = (
			);
			name = "Ghost Tracker";
			productName = "Ghost Tracker";
			productReference = 3B00F05D2729EA16007AD42E /* Ghost Tracker.app */;
			productType = "com.apple.product-type.application";
		};
/* End PBXNativeTarget section */

/* Begin PBXProject section */
		3B00F0552729EA16007AD42E /* Project object */ = {
			isa = PBXProject;
			attributes = {
				BuildIndependentTargetsInParallel = 1;
				LastSwiftUpdateCheck = 1310;
				LastUpgradeCheck = 1310;
				TargetAttributes = {
					3B00F05C2729EA16007AD42E = {
						CreatedOnToolsVersion = 13.1;
					};
				};
			};
			buildConfigurationList = 3B00F0582729EA16007AD42E /* Build configuration list for PBXProject "Ghost Tracker" */;
			compatibilityVersion = "Xcode 13.0";
			developmentRegion = en;
			hasScannedForEncodings = 0;
			knownRegions = (
				en,
				Base,
			);
			mainGroup = 3B00F0542729EA16007AD42E;
			productRefGroup = 3B00F05E2729EA16007AD42E /* Products */;
			projectDirPath = "";
			projectRoot = "";
			targets = (
				3B00F05C2729EA16007AD42E /* Ghost Tracker */,
			);
		};
/* End PBXProject section */

/* Begin PBXResourcesBuildPhase section */
		3B00F05B2729EA16007AD42E /* Resources */ = {
			isa = PBXResourcesBuildPhase;
			buildActionMask = 2147483647;
			files = (
				3B00F0682729EA17007AD42E /* Preview Assets.xcassets in Resources */,
				3B00F0652729EA17007AD42E /* Assets.xcassets in Resources */,
			);
			runOnlyForDeploymentPostprocessing = 0;
		};
/* End PBXResourcesBuildPhase section */

/* Begin PBXSourcesBuildPhase section */
		3B00F0592729EA16007AD42E /* Sources */ = {
			isa = PBXSourcesBuildPhase;
			buildActionMask = 2147483647;
			files = (
				3B00F0632729EA16007AD42E /* ContentView.swift in Sources */,
				3B00F071272A503E007AD42E /* MagnetManager.swift in Sources */,
				3B00F06F2729FC17007AD42E /* BodyTracking.swift in Sources */,
				3B00F0612729EA16007AD42E /* Ghost_TrackerApp.swift in Sources */,
			);
			runOnlyForDeploymentPostprocessing = 0;
		};
/* End PBXSourcesBuildPhase section */

/* Begin XCBuildConfiguration section */
		3B00F0692729EA17007AD42E /* Debug */ = {
			isa = XCBuildConfiguration;
			buildSettings = {
				ALWAYS_SEARCH_USER_PATHS = NO;
				CLANG_ANALYZER_NONNULL = YES;
				CLANG_ANALYZER_NUMBER_OBJECT_CONVERSION = YES_AGGRESSIVE;
				CLANG_CXX_LANGUAGE_STANDARD = "gnu++17";
				CLANG_CXX_LIBRARY = "libc++";
				CLANG_ENABLE_MODULES = YES;
				CLANG_ENABLE_OBJC_ARC = YES;
				CLANG_ENABLE_OBJC_WEAK = YES;
				CLANG_WARN_BLOCK_CAPTURE_AUTORELEASING = YES;
				CLANG_WARN_BOOL_CONVERSION = YES;
				CLANG_WARN_COMMA = YES;
				CLANG_WARN_CONSTANT_CONVERSION = YES;
				CLANG_WARN_DEPRECATED_OBJC_IMPLEMENTATIONS = YES;
				CLANG_WARN_DIRECT_OBJC_ISA_USAGE = YES_ERROR;
				CLANG_WARN_DOCUMENTATION_COMMENTS = YES;
				CLANG_WARN_EMPTY_BODY = YES;
				CLANG_WARN_ENUM_CONVERSION = YES;
				CLANG_WARN_INFINITE_RECURSION = YES;
				CLANG_WARN_INT_CONVERSION = YES;
				CLANG_WARN_NON_LITERAL_NULL_CONVERSION = YES;
				CLANG_WARN_OBJC_IMPLICIT_RETAIN_SELF = YES;
				CLANG_WARN_OBJC_LITERAL_CONVERSION = YES;
				CLANG_WARN_OBJC_ROOT_CLASS = YES_ERROR;
				CLANG_WARN_QUOTED_INCLUDE_IN_FRAMEWORK_HEADER = YES;
				CLANG_WARN_RANGE_LOOP_ANALYSIS = YES;
				CLANG_WARN_STRICT_PROTOTYPES = YES;
				CLANG_WARN_SUSPICIOUS_MOVE = YES;
				CLANG_WARN_UNGUARDED_AVAILABILITY = YES_AGGRESSIVE;
				CLANG_WARN_UNREACHABLE_CODE = YES;
				CLANG_WARN__DUPLICATE_METHOD_MATCH = YES;
				COPY_PHASE_STRIP = NO;
				DEBUG_INFORMATION_FORMAT = dwarf;
				ENABLE_STRICT_OBJC_MSGSEND = YES;
				ENABLE_TESTABILITY = YES;
				GCC_C_LANGUAGE_STANDARD = gnu11;
				GCC_DYNAMIC_NO_PIC = NO;
				GCC_NO_COMMON_BLOCKS = YES;
				GCC_OPTIMIZATION_LEVEL = 0;
				GCC_PREPROCESSOR_DEFINITIONS = (
					"DEBUG=1",
					"$(inherited)",
				);
				GCC_WARN_64_TO_32_BIT_CONVERSION = YES;
				GCC_WARN_ABOUT_RETURN_TYPE = YES_ERROR;
				GCC_WARN_UNDECLARED_SELECTOR = YES;
				GCC_WARN_UNINITIALIZED_AUTOS = YES_AGGRESSIVE;
				GCC_WARN_UNUSED_FUNCTION = YES;
				GCC_WARN_UNUSED_VARIABLE = YES;
				IPHONEOS_DEPLOYMENT_TARGET = 15.0;
				MTL_ENABLE_DEBUG_INFO = INCLUDE_SOURCE;
				MTL_FAST_MATH = YES;
				ONLY_ACTIVE_ARCH = YES;
				SDKROOT = iphoneos;
				SWIFT_ACTIVE_COMPILATION_CONDITIONS = DEBUG;
				SWIFT_OPTIMIZATION_LEVEL = "-Onone";
			};
			name = Debug;
		};
		3B00F06A2729EA17007AD42E /* Release */ = {
			isa = XCBuildConfiguration;
			buildSettings = {
				ALWAYS_SEARCH_USER_PATHS = NO;
				CLANG_ANALYZER_NONNULL = YES;
				CLANG_ANALYZER_NUMBER_OBJECT_CONVERSION = YES_AGGRESSIVE;
				CLANG_CXX_LANGUAGE_STANDARD = "gnu++17";
				CLANG_CXX_LIBRARY = "libc++";
				CLANG_ENABLE_MODULES = YES;
				CLANG_ENABLE_OBJC_ARC = YES;
				CLANG_ENABLE_OBJC_WEAK = YES;
				CLANG_WARN_BLOCK_CAPTURE_AUTORELEASING = YES;
				CLANG_WARN_BOOL_CONVERSION = YES;
				CLANG_WARN_COMMA = YES;
				CLANG_WARN_CONSTANT_CONVERSION = YES;
				CLANG_WARN_DEPRECATED_OBJC_IMPLEMENTATIONS = YES;
				CLANG_WARN_DIRECT_OBJC_ISA_USAGE = YES_ERROR;
				CLANG_WARN_DOCUMENTATION_COMMENTS = YES;
				CLANG_WARN_EMPTY_BODY = YES;
				CLANG_WARN_ENUM_CONVERSION = YES;
				CLANG_WARN_INFINITE_RECURSION = YES;
				CLANG_WARN_INT_CONVERSION = YES;
				CLANG_WARN_NON_LITERAL_NULL_CONVERSION = YES;
				CLANG_WARN_OBJC_IMPLICIT_RETAIN_SELF = YES;
				CLANG_WARN_OBJC_LITERAL_CONVERSION = YES;
				CLANG_WARN_OBJC_ROOT_CLASS = YES_ERROR;
				CLANG_WARN_QUOTED_INCLUDE_IN_FRAMEWORK_HEADER = YES;
				CLANG_WARN_RANGE_LOOP_ANALYSIS = YES;
				CLANG_WARN_STRICT_PROTOTYPES = YES;
				CLANG_WARN_SUSPICIOUS_MOVE = YES;
				CLANG_WARN_UNGUARDED_AVAILABILITY = YES_AGGRESSIVE;
				CLANG_WARN_UNREACHABLE_CODE = YES;
				CLANG_WARN__DUPLICATE_METHOD_MATCH = YES;
				COPY_PHASE_STRIP = NO;
				DEBUG_INFORMATION_FORMAT = "dwarf-with-dsym";
				ENABLE_NS_ASSERTIONS = NO;
				ENABLE_STRICT_OBJC_MSGSEND = YES;
				GCC_C_LANGUAGE_STANDARD = gnu11;
				GCC_NO_COMMON_BLOCKS = YES;
				GCC_WARN_64_TO_32_BIT_CONVERSION = YES;
				GCC_WARN_ABOUT_RETURN_TYPE = YES_ERROR;
				GCC_WARN_UNDECLARED_SELECTOR = YES;
				GCC_WARN_UNINITIALIZED_AUTOS = YES_AGGRESSIVE;
				GCC_WARN_UNUSED_FUNCTION = YES;
				GCC_WARN_UNUSED_VARIABLE = YES;
				IPHONEOS_DEPLOYMENT_TARGET = 15.0;
				MTL_ENABLE_DEBUG_INFO = NO;
				MTL_FAST_MATH = YES;
				SDKROOT = iphoneos;
				SWIFT_COMPILATION_MODE = wholemodule;
				SWIFT_OPTIMIZATION_LEVEL = "-O";
				VALIDATE_PRODUCT = YES;
			};
			name = Release;
		};
		3B00F06C2729EA17007AD42E /* Debug */ = {
			isa = XCBuildConfiguration;
			buildSettings = {
				ASSETCATALOG_COMPILER_APPICON_NAME = AppIcon;
				ASSETCATALOG_COMPILER_GLOBAL_ACCENT_COLOR_NAME = AccentColor;
				CODE_SIGN_STYLE = Automatic;
				CURRENT_PROJECT_VERSION = 1;
				DEVELOPMENT_ASSET_PATHS = "\"Ghost Tracker/Preview Content\"";
				DEVELOPMENT_TEAM = 6FCDXPPZ3P;
				ENABLE_PREVIEWS = YES;
				GENERATE_INFOPLIST_FILE = YES;
				INFOPLIST_FILE = "Ghost-Tracker-Info.plist";
				INFOPLIST_KEY_NSCameraUsageDescription = "This app requires use of your camera.";
				INFOPLIST_KEY_UIApplicationSceneManifest_Generation = YES;
				INFOPLIST_KEY_UIApplicationSupportsIndirectInputEvents = YES;
				INFOPLIST_KEY_UILaunchScreen_Generation = YES;
				INFOPLIST_KEY_UISupportedInterfaceOrientations = UIInterfaceOrientationPortrait;
				INFOPLIST_KEY_UISupportedInterfaceOrientations_iPad = UIInterfaceOrientationPortrait;
				INFOPLIST_KEY_UISupportedInterfaceOrientations_iPhone = UIInterfaceOrientationPortrait;
				LD_RUNPATH_SEARCH_PATHS = (
					"$(inherited)",
					"@executable_path/Frameworks",
				);
				MARKETING_VERSION = 1.0;
				PRODUCT_BUNDLE_IDENTIFIER = "Fractal-Workshop.Ghost-Tracker";
				PRODUCT_NAME = "$(TARGET_NAME)";
				SWIFT_EMIT_LOC_STRINGS = YES;
				SWIFT_VERSION = 5.0;
				TARGETED_DEVICE_FAMILY = "1,2";
			};
			name = Debug;
		};
		3B00F06D2729EA17007AD42E /* Release */ = {
			isa = XCBuildConfiguration;
			buildSettings = {
				ASSETCATALOG_COMPILER_APPICON_NAME = AppIcon;
				ASSETCATALOG_COMPILER_GLOBAL_ACCENT_COLOR_NAME = AccentColor;
				CODE_SIGN_STYLE = Automatic;
				CURRENT_PROJECT_VERSION = 1;
				DEVELOPMENT_ASSET_PATHS = "\"Ghost Tracker/Preview Content\"";
				DEVELOPMENT_TEAM = 6FCDXPPZ3P;
				ENABLE_PREVIEWS = YES;
				GENERATE_INFOPLIST_FILE = YES;
				INFOPLIST_FILE = "Ghost-Tracker-Info.plist";
				INFOPLIST_KEY_NSCameraUsageDescription = "This app requires use of your camera.";
				INFOPLIST_KEY_UIApplicationSceneManifest_Generation = YES;
				INFOPLIST_KEY_UIApplicationSupportsIndirectInputEvents = YES;
				INFOPLIST_KEY_UILaunchScreen_Generation = YES;
				INFOPLIST_KEY_UISupportedInterfaceOrientations = UIInterfaceOrientationPortrait;
				INFOPLIST_KEY_UISupportedInterfaceOrientations_iPad = UIInterfaceOrientationPortrait;
				INFOPLIST_KEY_UISupportedInterfaceOrientations_iPhone = UIInterfaceOrientationPortrait;
				LD_RUNPATH_SEARCH_PATHS = (
					"$(inherited)",
					"@executable_path/Frameworks",
				);
				MARKETING_VERSION = 1.0;
				PRODUCT_BUNDLE_IDENTIFIER = "Fractal-Workshop.Ghost-Tracker";
				PRODUCT_NAME = "$(TARGET_NAME)";
				SWIFT_EMIT_LOC_STRINGS = YES;
				SWIFT_VERSION = 5.0;
				TARGETED_DEVICE_FAMILY = "1,2";
			};
			name = Release;
		};
/* End XCBuildConfiguration section */

/* Begin XCConfigurationList section */
		3B00F0582729EA16007AD42E /* Build configuration list for PBXProject "Ghost Tracker" */ = {
			isa = XCConfigurationList;
			buildConfigurations = (
				3B00F0692729EA17007AD42E /* Debug */,
				3B00F06A2729EA17007AD42E /* Release */,
			);
			defaultConfigurationIsVisible = 0;
			defaultConfigurationName = Release;
		};
		3B00F06B2729EA17007AD42E /* Build configuration list for PBXNativeTarget "Ghost Tracker" */ = {
			isa = XCConfigurationList;
			buildConfigurations = (
				3B00F06C2729EA17007AD42E /* Debug */,
				3B00F06D2729EA17007AD42E /* Release */,
			);
			defaultConfigurationIsVisible = 0;
			defaultConfigurationName = Release;
		};
/* End XCConfigurationList section */
	};
	rootObject = 3B00F0552729EA16007AD42E /* Project object */;
}
